
Microsoft Visual Studio Solution File, Format Version 12.00
# Visual Studio 15
VisualStudioVersion = 15.0.25807.0
MinimumVisualStudioVersion = 10.0.40219.1
Project("{2150E333-8FDC-42A3-9474-1A3956D46DE8}") = "Engine", "Engine", "{AD9CA738-F930-4583-98B9-DCA169BA5FCE}"
EndProject
Project("{2150E333-8FDC-42A3-9474-1A3956D46DE8}") = "Games", "Games", "{C3C5C978-1589-4D01-BB07-CAFD663A41EF}"
EndProject
Project("{8BC9CEB8-8B4A-11D0-8D11-00A0C91BC942}") = "UE4", "Intermediate\ProjectFiles\UE4.vcxproj", "{E4107BA6-4578-4E1F-A3FC-8AED20057FE2}"
EndProject
Project("{8BC9CEB8-8B4A-11D0-8D11-00A0C91BC942}") = "FirstPersonDemo", "Intermediate\ProjectFiles\FirstPersonDemo.vcxproj", "{00B66B7D-EBE3-4C30-A2A8-85F5530052F5}"
EndProject
Global
	GlobalSection(SolutionConfigurationPlatforms) = preSolution
		DebugGame Editor|HTML5 = DebugGame Editor|HTML5
		DebugGame Editor|Win32 = DebugGame Editor|Win32
		DebugGame Editor|Win64 = DebugGame Editor|Win64
		DebugGame|HTML5 = DebugGame|HTML5
		DebugGame|Win32 = DebugGame|Win32
		DebugGame|Win64 = DebugGame|Win64
		Development Editor|HTML5 = Development Editor|HTML5
		Development Editor|Win32 = Development Editor|Win32
		Development Editor|Win64 = Development Editor|Win64
		Development|HTML5 = Development|HTML5
		Development|Win32 = Development|Win32
		Development|Win64 = Development|Win64
		Shipping|HTML5 = Shipping|HTML5
		Shipping|Win32 = Shipping|Win32
		Shipping|Win64 = Shipping|Win64
	EndGlobalSection
	GlobalSection(ProjectConfigurationPlatforms) = postSolution
		{E4107BA6-4578-4E1F-A3FC-8AED20057FE2}.DebugGame Editor|HTML5.ActiveCfg = BuiltWithUnrealBuildTool|Win32
		{E4107BA6-4578-4E1F-A3FC-8AED20057FE2}.DebugGame Editor|HTML5.Build.0 = BuiltWithUnrealBuildTool|Win32
		{E4107BA6-4578-4E1F-A3FC-8AED20057FE2}.DebugGame Editor|Win32.ActiveCfg = BuiltWithUnrealBuildTool|Win32
		{E4107BA6-4578-4E1F-A3FC-8AED20057FE2}.DebugGame Editor|Win32.Build.0 = BuiltWithUnrealBuildTool|Win32
		{E4107BA6-4578-4E1F-A3FC-8AED20057FE2}.DebugGame Editor|Win64.ActiveCfg = BuiltWithUnrealBuildTool|Win32
		{E4107BA6-4578-4E1F-A3FC-8AED20057FE2}.DebugGame Editor|Win64.Build.0 = BuiltWithUnrealBuildTool|Win32
		{E4107BA6-4578-4E1F-A3FC-8AED20057FE2}.DebugGame|HTML5.ActiveCfg = BuiltWithUnrealBuildTool|Win32
		{E4107BA6-4578-4E1F-A3FC-8AED20057FE2}.DebugGame|HTML5.Build.0 = BuiltWithUnrealBuildTool|Win32
		{E4107BA6-4578-4E1F-A3FC-8AED20057FE2}.DebugGame|Win32.ActiveCfg = BuiltWithUnrealBuildTool|Win32
		{E4107BA6-4578-4E1F-A3FC-8AED20057FE2}.DebugGame|Win32.Build.0 = BuiltWithUnrealBuildTool|Win32
		{E4107BA6-4578-4E1F-A3FC-8AED20057FE2}.DebugGame|Win64.ActiveCfg = BuiltWithUnrealBuildTool|Win32
		{E4107BA6-4578-4E1F-A3FC-8AED20057FE2}.DebugGame|Win64.Build.0 = BuiltWithUnrealBuildTool|Win32
		{E4107BA6-4578-4E1F-A3FC-8AED20057FE2}.Development Editor|HTML5.ActiveCfg = BuiltWithUnrealBuildTool|Win32
		{E4107BA6-4578-4E1F-A3FC-8AED20057FE2}.Development Editor|HTML5.Build.0 = BuiltWithUnrealBuildTool|Win32
		{E4107BA6-4578-4E1F-A3FC-8AED20057FE2}.Development Editor|Win32.ActiveCfg = BuiltWithUnrealBuildTool|Win32
		{E4107BA6-4578-4E1F-A3FC-8AED20057FE2}.Development Editor|Win32.Build.0 = BuiltWithUnrealBuildTool|Win32
		{E4107BA6-4578-4E1F-A3FC-8AED20057FE2}.Development Editor|Win64.ActiveCfg = BuiltWithUnrealBuildTool|Win32
		{E4107BA6-4578-4E1F-A3FC-8AED20057FE2}.Development Editor|Win64.Build.0 = BuiltWithUnrealBuildTool|Win32
		{E4107BA6-4578-4E1F-A3FC-8AED20057FE2}.Development|HTML5.ActiveCfg = BuiltWithUnrealBuildTool|Win32
		{E4107BA6-4578-4E1F-A3FC-8AED20057FE2}.Development|HTML5.Build.0 = BuiltWithUnrealBuildTool|Win32
		{E4107BA6-4578-4E1F-A3FC-8AED20057FE2}.Development|Win32.ActiveCfg = BuiltWithUnrealBuildTool|Win32
		{E4107BA6-4578-4E1F-A3FC-8AED20057FE2}.Development|Win32.Build.0 = BuiltWithUnrealBuildTool|Win32
		{E4107BA6-4578-4E1F-A3FC-8AED20057FE2}.Development|Win64.ActiveCfg = BuiltWithUnrealBuildTool|Win32
		{E4107BA6-4578-4E1F-A3FC-8AED20057FE2}.Development|Win64.Build.0 = BuiltWithUnrealBuildTool|Win32
		{E4107BA6-4578-4E1F-A3FC-8AED20057FE2}.Shipping|HTML5.ActiveCfg = BuiltWithUnrealBuildTool|Win32
		{E4107BA6-4578-4E1F-A3FC-8AED20057FE2}.Shipping|HTML5.Build.0 = BuiltWithUnrealBuildTool|Win32
		{E4107BA6-4578-4E1F-A3FC-8AED20057FE2}.Shipping|Win32.ActiveCfg = BuiltWithUnrealBuildTool|Win32
		{E4107BA6-4578-4E1F-A3FC-8AED20057FE2}.Shipping|Win32.Build.0 = BuiltWithUnrealBuildTool|Win32
		{E4107BA6-4578-4E1F-A3FC-8AED20057FE2}.Shipping|Win64.ActiveCfg = BuiltWithUnrealBuildTool|Win32
		{E4107BA6-4578-4E1F-A3FC-8AED20057FE2}.Shipping|Win64.Build.0 = BuiltWithUnrealBuildTool|Win32
		{00B66B7D-EBE3-4C30-A2A8-85F5530052F5}.DebugGame Editor|HTML5.ActiveCfg = HTML5_DebugGame_Editor|Win32
		{00B66B7D-EBE3-4C30-A2A8-85F5530052F5}.DebugGame Editor|Win32.ActiveCfg = DebugGame_Editor|Win32
		{00B66B7D-EBE3-4C30-A2A8-85F5530052F5}.DebugGame Editor|Win64.ActiveCfg = DebugGame_Editor|x64
		{00B66B7D-EBE3-4C30-A2A8-85F5530052F5}.DebugGame Editor|Win64.Build.0 = DebugGame_Editor|x64
		{00B66B7D-EBE3-4C30-A2A8-85F5530052F5}.DebugGame|HTML5.ActiveCfg = HTML5_DebugGame_Game|Win32
		{00B66B7D-EBE3-4C30-A2A8-85F5530052F5}.DebugGame|HTML5.Build.0 = HTML5_DebugGame_Game|Win32
		{00B66B7D-EBE3-4C30-A2A8-85F5530052F5}.DebugGame|Win32.ActiveCfg = DebugGame_Game|Win32
		{00B66B7D-EBE3-4C30-A2A8-85F5530052F5}.DebugGame|Win32.Build.0 = DebugGame_Game|Win32
		{00B66B7D-EBE3-4C30-A2A8-85F5530052F5}.DebugGame|Win64.ActiveCfg = DebugGame_Game|x64
		{00B66B7D-EBE3-4C30-A2A8-85F5530052F5}.DebugGame|Win64.Build.0 = DebugGame_Game|x64
		{00B66B7D-EBE3-4C30-A2A8-85F5530052F5}.Development Editor|HTML5.ActiveCfg = HTML5_Development_Editor|Win32
		{00B66B7D-EBE3-4C30-A2A8-85F5530052F5}.Development Editor|Win32.ActiveCfg = Development_Editor|Win32
		{00B66B7D-EBE3-4C30-A2A8-85F5530052F5}.Development Editor|Win64.ActiveCfg = Development_Editor|x64
		{00B66B7D-EBE3-4C30-A2A8-85F5530052F5}.Development Editor|Win64.Build.0 = Development_Editor|x64
		{00B66B7D-EBE3-4C30-A2A8-85F5530052F5}.Development|HTML5.ActiveCfg = HTML5_Development_Game|Win32
		{00B66B7D-EBE3-4C30-A2A8-85F5530052F5}.Development|HTML5.Build.0 = HTML5_Development_Game|Win32
		{00B66B7D-EBE3-4C30-A2A8-85F5530052F5}.Development|Win32.ActiveCfg = Development_Game|Win32
		{00B66B7D-EBE3-4C30-A2A8-85F5530052F5}.Development|Win32.Build.0 = Development_Game|Win32
		{00B66B7D-EBE3-4C30-A2A8-85F5530052F5}.Development|Win64.ActiveCfg = Development_Game|x64
		{00B66B7D-EBE3-4C30-A2A8-85F5530052F5}.Development|Win64.Build.0 = Development_Game|x64
		{00B66B7D-EBE3-4C30-A2A8-85F5530052F5}.Shipping|HTML5.ActiveCfg = HTML5_Shipping_Game|Win32
		{00B66B7D-EBE3-4C30-A2A8-85F5530052F5}.Shipping|HTML5.Build.0 = HTML5_Shipping_Game|Win32
		{00B66B7D-EBE3-4C30-A2A8-85F5530052F5}.Shipping|Win32.ActiveCfg = Shipping_Game|Win32
		{00B66B7D-EBE3-4C30-A2A8-85F5530052F5}.Shipping|Win32.Build.0 = Shipping_Game|Win32
		{00B66B7D-EBE3-4C30-A2A8-85F5530052F5}.Shipping|Win64.ActiveCfg = Shipping_Game|x64
		{00B66B7D-EBE3-4C30-A2A8-85F5530052F5}.Shipping|Win64.Build.0 = Shipping_Game|x64
	EndGlobalSection
	GlobalSection(SolutionProperties) = preSolution
		HideSolutionNode = FALSE
	EndGlobalSection
	GlobalSection(NestedProjects) = preSolution
		{E4107BA6-4578-4E1F-A3FC-8AED20057FE2} = {AD9CA738-F930-4583-98B9-DCA169BA5FCE}
		{00B66B7D-EBE3-4C30-A2A8-85F5530052F5} = {C3C5C978-1589-4D01-BB07-CAFD663A41EF}
	EndGlobalSection
	GlobalSection(ExtensibilityGlobals) = postSolution
		SolutionGuid = {BB39CFFC-0341-4E4D-A352-E7593D4B6E06}
	EndGlobalSection
EndGlobal
